<?xml version="1.0" encoding="utf-8"?>
<Project ToolsVersion="4.0" xmlns="http://schemas.microsoft.com/developer/msbuild/2003">
  <ItemGroup>
    <Filter Include="Source Files">
      <UniqueIdentifier>{4FC737F1-C7A5-4376-A066-2A32D752A2FF}</UniqueIdentifier>
      <Extensions>cpp;c;cc;cxx;c++;cppm;ixx;def;odl;idl;hpj;bat;asm;asmx</Extensions>
    </Filter>
    <Filter Include="Header Files">
      <UniqueIdentifier>{93995380-89BD-4b04-88EB-625FBE52EBFB}</UniqueIdentifier>
      <Extensions>h;hh;hpp;hxx;h++;hm;inl;inc;ipp;xsd</Extensions>
    </Filter>
    <Filter Include="Resource Files">
      <UniqueIdentifier>{67DA6AB6-F800-4c08-8B7A-83BB121AAD01}</UniqueIdentifier>
      <Extensions>rc;ico;cur;bmp;dlg;rc2;rct;bin;rgs;gif;jpg;jpeg;jpe;resx;tiff;tif;png;wav;mfcribbon-ms</Extensions>
    </Filter>
    <Filter Include="Source Files\Legacy Infos">
      <UniqueIdentifier>{e12f1337-4b51-4b16-af0c-e35cb607b2d3}</UniqueIdentifier>
    </Filter>
    <Filter Include="Source Files\TFTSetJSONs">
      <UniqueIdentifier>{e0a6f0f9-87c1-4b11-b007-ebbfded66acc}</UniqueIdentifier>
    </Filter>
  </ItemGroup>
  <ItemGroup>
    <ClCompile Include="AppSource.cpp">
      <Filter>Source Files</Filter>
    </ClCompile>
    <ClCompile Include="Champion.cpp">
      <Filter>Source Files</Filter>
    </ClCompile>
    <ClCompile Include="HelperFunctions.cpp">
      <Filter>Source Files</Filter>
    </ClCompile>
    <ClCompile Include="TeamComposition.cpp">
      <Filter>Source Files</Filter>
    </ClCompile>
  </ItemGroup>
  <ItemGroup>
    <ClInclude Include="Champion.h">
      <Filter>Source Files</Filter>
    </ClInclude>
    <ClInclude Include="HelperFunctions.h">
      <Filter>Source Files</Filter>
    </ClInclude>
    <ClInclude Include="TeamComposition.h">
      <Filter>Source Files</Filter>
    </ClInclude>
    <ClInclude Include="json.hpp">
      <Filter>Source Files</Filter>
    </ClInclude>
    <ClInclude Include="resource.h">
      <Filter>Header Files</Filter>
    </ClInclude>
  </ItemGroup>
  <ItemGroup>
    <Text Include="Set7ChampionInfo.txt">
      <Filter>Source Files</Filter>
    </Text>
    <Text Include="Set7TraitInfo.txt">
      <Filter>Source Files</Filter>
    </Text>
    <Text Include="Set8TraitInfo.txt">
      <Filter>Source Files</Filter>
    </Text>
    <Text Include="Set8ChampionInfo.txt">
      <Filter>Source Files</Filter>
    </Text>
    <Text Include="LegacySet7ChampionInfo.txt">
      <Filter>Source Files\Legacy Infos</Filter>
    </Text>
    <Text Include="LegacySet7TraitInfo.txt">
      <Filter>Source Files\Legacy Infos</Filter>
    </Text>
    <Text Include="SourceInput.txt">
      <Filter>Source Files</Filter>
    </Text>
    <Text Include="Set8.5ChampionInfo.txt">
      <Filter>Source Files</Filter>
    </Text>
    <Text Include="Set8.5TraitInfo.txt">
      <Filter>Source Files</Filter>
    </Text>
    <Text Include="Set10ChampionInfo.txt">
      <Filter>Source Files</Filter>
    </Text>
    <Text Include="Set10TraitInfo.txt">
      <Filter>Source Files</Filter>
    </Text>
    <Text Include="Set11ChampionInfo.txt">
      <Filter>Source Files</Filter>
    </Text>
    <Text Include="Set11TraitInfo.txt">
      <Filter>Source Files</Filter>
    </Text>
    <Text Include="Set12TraitInfo.txt">
      <Filter>Source Files</Filter>
    </Text>
    <Text Include="Set12ChampionInfo.txt">
      <Filter>Source Files</Filter>
    </Text>
    <Text Include="Set13ChampionInfo.txt">
      <Filter>Source Files</Filter>
    </Text>
    <Text Include="Set13TraitInfo.txt">
      <Filter>Source Files</Filter>
    </Text>
  </ItemGroup>
  <ItemGroup>
    <None Include="TFTSetsInfo\set8.json">
      <Filter>Source Files\TFTSetJSONs</Filter>
    </None>
    <None Include="TFTSetJSONs\set10.json">
      <Filter>Source Files\TFTSetJSONs</Filter>
    </None>
  </ItemGroup>
  <ItemGroup>
    <ResourceCompile Include="TFT_CompBuilder.rc">
      <Filter>Resource Files</Filter>
    </ResourceCompile>
  </ItemGroup>
</Project>